
Microsoft Visual Studio Solution File, Format Version 11.00
# Visual Studio 2010
Project("{FAE04EC0-301F-11D3-BF4B-00C04F79EFBC}") = "WordPlay", "WordPlay\WordPlay.csproj", "{986EEDF5-6CE9-4B13-9486-61121C274747}"
EndProject
Project("{FAE04EC0-301F-11D3-BF4B-00C04F79EFBC}") = "WordDSL", "WordDSL\WordDSL.csproj", "{40FF4F4F-3AEA-42F7-9FA5-4CB831F7D1C4}"
EndProject
Project("{FAE04EC0-301F-11D3-BF4B-00C04F79EFBC}") = "WordTests", "WordTests\WordTests.csproj", "{D67A956D-82FD-4DCF-8DB0-8C17A366D1F8}"
EndProject
Project("{2150E333-8FDC-42A3-9474-1A3956D46DE8}") = "Solution Items", "Solution Items", "{62EF32B3-E0AC-40C1-BD25-5C32A465636A}"
	ProjectSection(SolutionItems) = preProject
		Local.testsettings = Local.testsettings
		TraceAndTestImpact.testsettings = TraceAndTestImpact.testsettings
		WordPlay.vsmdi = WordPlay.vsmdi
	EndProjectSection
EndProject
Global
	GlobalSection(TestCaseManagementSettings) = postSolution
		CategoryFile = WordPlay.vsmdi
	EndGlobalSection
	GlobalSection(SolutionConfigurationPlatforms) = preSolution
		Debug|Any CPU = Debug|Any CPU
		Debug|Mixed Platforms = Debug|Mixed Platforms
		Debug|x86 = Debug|x86
		Release|Any CPU = Release|Any CPU
		Release|Mixed Platforms = Release|Mixed Platforms
		Release|x86 = Release|x86
	EndGlobalSection
	GlobalSection(ProjectConfigurationPlatforms) = postSolution
		{986EEDF5-6CE9-4B13-9486-61121C274747}.Debug|Any CPU.ActiveCfg = Debug|x86
		{986EEDF5-6CE9-4B13-9486-61121C274747}.Debug|Mixed Platforms.ActiveCfg = Debug|x86
		{986EEDF5-6CE9-4B13-9486-61121C274747}.Debug|Mixed Platforms.Build.0 = Debug|x86
		{986EEDF5-6CE9-4B13-9486-61121C274747}.Debug|x86.ActiveCfg = Debug|x86
		{986EEDF5-6CE9-4B13-9486-61121C274747}.Debug|x86.Build.0 = Debug|x86
		{986EEDF5-6CE9-4B13-9486-61121C274747}.Release|Any CPU.ActiveCfg = Release|x86
		{986EEDF5-6CE9-4B13-9486-61121C274747}.Release|Mixed Platforms.ActiveCfg = Release|x86
		{986EEDF5-6CE9-4B13-9486-61121C274747}.Release|Mixed Platforms.Build.0 = Release|x86
		{986EEDF5-6CE9-4B13-9486-61121C274747}.Release|x86.ActiveCfg = Release|x86
		{986EEDF5-6CE9-4B13-9486-61121C274747}.Release|x86.Build.0 = Release|x86
		{40FF4F4F-3AEA-42F7-9FA5-4CB831F7D1C4}.Debug|Any CPU.ActiveCfg = Debug|Any CPU
		{40FF4F4F-3AEA-42F7-9FA5-4CB831F7D1C4}.Debug|Any CPU.Build.0 = Debug|Any CPU
		{40FF4F4F-3AEA-42F7-9FA5-4CB831F7D1C4}.Debug|Mixed Platforms.ActiveCfg = Debug|Any CPU
		{40FF4F4F-3AEA-42F7-9FA5-4CB831F7D1C4}.Debug|Mixed Platforms.Build.0 = Debug|Any CPU
		{40FF4F4F-3AEA-42F7-9FA5-4CB831F7D1C4}.Debug|x86.ActiveCfg = Debug|Any CPU
		{40FF4F4F-3AEA-42F7-9FA5-4CB831F7D1C4}.Release|Any CPU.ActiveCfg = Release|Any CPU
		{40FF4F4F-3AEA-42F7-9FA5-4CB831F7D1C4}.Release|Any CPU.Build.0 = Release|Any CPU
		{40FF4F4F-3AEA-42F7-9FA5-4CB831F7D1C4}.Release|Mixed Platforms.ActiveCfg = Release|Any CPU
		{40FF4F4F-3AEA-42F7-9FA5-4CB831F7D1C4}.Release|Mixed Platforms.Build.0 = Release|Any CPU
		{40FF4F4F-3AEA-42F7-9FA5-4CB831F7D1C4}.Release|x86.ActiveCfg = Release|Any CPU
		{D67A956D-82FD-4DCF-8DB0-8C17A366D1F8}.Debug|Any CPU.ActiveCfg = Debug|Any CPU
		{D67A956D-82FD-4DCF-8DB0-8C17A366D1F8}.Debug|Any CPU.Build.0 = Debug|Any CPU
		{D67A956D-82FD-4DCF-8DB0-8C17A366D1F8}.Debug|Mixed Platforms.ActiveCfg = Debug|Any CPU
		{D67A956D-82FD-4DCF-8DB0-8C17A366D1F8}.Debug|Mixed Platforms.Build.0 = Debug|Any CPU
		{D67A956D-82FD-4DCF-8DB0-8C17A366D1F8}.Debug|x86.ActiveCfg = Debug|Any CPU
		{D67A956D-82FD-4DCF-8DB0-8C17A366D1F8}.Release|Any CPU.ActiveCfg = Release|Any CPU
		{D67A956D-82FD-4DCF-8DB0-8C17A366D1F8}.Release|Any CPU.Build.0 = Release|Any CPU
		{D67A956D-82FD-4DCF-8DB0-8C17A366D1F8}.Release|Mixed Platforms.ActiveCfg = Release|Any CPU
		{D67A956D-82FD-4DCF-8DB0-8C17A366D1F8}.Release|Mixed Platforms.Build.0 = Release|Any CPU
		{D67A956D-82FD-4DCF-8DB0-8C17A366D1F8}.Release|x86.ActiveCfg = Release|Any CPU
	EndGlobalSection
	GlobalSection(SolutionProperties) = preSolution
		HideSolutionNode = FALSE
	EndGlobalSection
EndGlobal
